// !$*UTF8*$!
{
	archiveVersion = 1;
	classes = {
	};
	objectVersion = 50;
	objects = {

/* Begin PBXBuildFile section */
		1A0E2CC021B26F0E00F94FC9 /* AppDelegate.m in Sources */ = {isa = PBXBuildFile; fileRef = 1A0E2CBF21B26F0E00F94FC9 /* AppDelegate.m */; };
		1A0E2CC321B26F0E00F94FC9 /* ViewController.m in Sources */ = {isa = PBXBuildFile; fileRef = 1A0E2CC221B26F0E00F94FC9 /* ViewController.m */; };
		1A0E2CC821B26F1000F94FC9 /* Assets.xcassets in Resources */ = {isa = PBXBuildFile; fileRef = 1A0E2CC721B26F1000F94FC9 /* Assets.xcassets */; };
		1A0E2CCE21B26F1000F94FC9 /* main.m in Sources */ = {isa = PBXBuildFile; fileRef = 1A0E2CCD21B26F1000F94FC9 /* main.m */; };
		1A0E2CF021B2846F00F94FC9 /* Localizable.strings in Resources */ = {isa = PBXBuildFile; fileRef = 1A0E2CE621B2846F00F94FC9 /* Localizable.strings */; };
		1A0E2CF121B2846F00F94FC9 /* InfoPlist.strings in Resources */ = {isa = PBXBuildFile; fileRef = 1A0E2CE821B2846F00F94FC9 /* InfoPlist.strings */; };
		1A0E2CF221B2846F00F94FC9 /* LaunchScreen.storyboard in Resources */ = {isa = PBXBuildFile; fileRef = 1A0E2CED21B2846F00F94FC9 /* LaunchScreen.storyboard */; };
/* End PBXBuildFile section */

/* Begin PBXFileReference section */
		1A0E2CBB21B26F0E00F94FC9 /* GlobalApp.app */ = {isa = PBXFileReference; explicitFileType = wrapper.application; includeInIndex = 0; path = GlobalApp.app; sourceTree = BUILT_PRODUCTS_DIR; };
		1A0E2CBE21B26F0E00F94FC9 /* AppDelegate.h */ = {isa = PBXFileReference; lastKnownFileType = sourcecode.c.h; path = AppDelegate.h; sourceTree = "<group>"; };
		1A0E2CBF21B26F0E00F94FC9 /* AppDelegate.m */ = {isa = PBXFileReference; lastKnownFileType = sourcecode.c.objc; path = AppDelegate.m; sourceTree = "<group>"; };
		1A0E2CC121B26F0E00F94FC9 /* ViewController.h */ = {isa = PBXFileReference; lastKnownFileType = sourcecode.c.h; path = ViewController.h; sourceTree = "<group>"; };
		1A0E2CC221B26F0E00F94FC9 /* ViewController.m */ = {isa = PBXFileReference; lastKnownFileType = sourcecode.c.objc; path = ViewController.m; sourceTree = "<group>"; };
		1A0E2CC721B26F1000F94FC9 /* Assets.xcassets */ = {isa = PBXFileReference; lastKnownFileType = folder.assetcatalog; path = Assets.xcassets; sourceTree = "<group>"; };
		1A0E2CCC21B26F1000F94FC9 /* Info.plist */ = {isa = PBXFileReference; lastKnownFileType = text.plist.xml; path = Info.plist; sourceTree = "<group>"; };
		1A0E2CCD21B26F1000F94FC9 /* main.m */ = {isa = PBXFileReference; lastKnownFileType = sourcecode.c.objc; path = main.m; sourceTree = "<group>"; };
		1A0E2CE721B2846F00F94FC9 /* zh-Hans */ = {isa = PBXFileReference; lastKnownFileType = text.plist.strings; name = "zh-Hans"; path = "zh-Hans.lproj/Localizable.strings"; sourceTree = "<group>"; };
		1A0E2CE921B2846F00F94FC9 /* zh-Hans */ = {isa = PBXFileReference; lastKnownFileType = text.plist.strings; name = "zh-Hans"; path = "zh-Hans.lproj/InfoPlist.strings"; sourceTree = "<group>"; };
		1A0E2CEB21B2846F00F94FC9 /* en */ = {isa = PBXFileReference; lastKnownFileType = text.plist.strings; name = en; path = en.lproj/Localizable.strings; sourceTree = "<group>"; };
		1A0E2CEC21B2846F00F94FC9 /* en */ = {isa = PBXFileReference; lastKnownFileType = text.plist.strings; name = en; path = en.lproj/InfoPlist.strings; sourceTree = "<group>"; };
		1A0E2CEE21B2846F00F94FC9 /* Base */ = {isa = PBXFileReference; lastKnownFileType = file.storyboard; name = Base; path = Base.lproj/LaunchScreen.storyboard; sourceTree = "<group>"; };
		1A0E2CF621B286FE00F94FC9 /* en */ = {isa = PBXFileReference; lastKnownFileType = text.plist.strings; name = en; path = en.lproj/LaunchScreen.strings; sourceTree = "<group>"; };
		1A0E2CF821B2870200F94FC9 /* zh-Hans */ = {isa = PBXFileReference; lastKnownFileType = text.plist.strings; name = "zh-Hans"; path = "zh-Hans.lproj/LaunchScreen.strings"; sourceTree = "<group>"; };
/* End PBXFileReference section */

/* Begin PBXFrameworksBuildPhase section */
		1A0E2CB821B26F0E00F94FC9 /* Frameworks */ = {
			isa = PBXFrameworksBuildPhase;
			buildActionMask = 2147483647;
			files = (
			);
			runOnlyForDeploymentPostprocessing = 0;
		};
/* End PBXFrameworksBuildPhase section */

/* Begin PBXGroup section */
		1A0E2CB221B26F0E00F94FC9 = {
			isa = PBXGroup;
			children = (
				1A0E2CBD21B26F0E00F94FC9 /* GlobalApp */,
				1A0E2CBC21B26F0E00F94FC9 /* Products */,
			);
			sourceTree = "<group>";
		};
		1A0E2CBC21B26F0E00F94FC9 /* Products */ = {
			isa = PBXGroup;
			children = (
				1A0E2CBB21B26F0E00F94FC9 /* GlobalApp.app */,
			);
			name = Products;
			sourceTree = "<group>";
		};
		1A0E2CBD21B26F0E00F94FC9 /* GlobalApp */ = {
			isa = PBXGroup;
			children = (
				1A0E2CE321B2846F00F94FC9 /* Resources */,
				1A0E2CBE21B26F0E00F94FC9 /* AppDelegate.h */,
				1A0E2CBF21B26F0E00F94FC9 /* AppDelegate.m */,
				1A0E2CC121B26F0E00F94FC9 /* ViewController.h */,
				1A0E2CC221B26F0E00F94FC9 /* ViewController.m */,
				1A0E2CC721B26F1000F94FC9 /* Assets.xcassets */,
				1A0E2CCC21B26F1000F94FC9 /* Info.plist */,
				1A0E2CCD21B26F1000F94FC9 /* main.m */,
			);
			path = GlobalApp;
			sourceTree = "<group>";
		};
		1A0E2CE321B2846F00F94FC9 /* Resources */ = {
			isa = PBXGroup;
			children = (
				1A0E2CE621B2846F00F94FC9 /* Localizable.strings */,
				1A0E2CE821B2846F00F94FC9 /* InfoPlist.strings */,
				1A0E2CED21B2846F00F94FC9 /* LaunchScreen.storyboard */,
			);
			path = Resources;
			sourceTree = "<group>";
		};
/* End PBXGroup section */

/* Begin PBXNativeTarget section */
		1A0E2CBA21B26F0E00F94FC9 /* GlobalApp */ = {
			isa = PBXNativeTarget;
			buildConfigurationList = 1A0E2CD121B26F1000F94FC9 /* Build configuration list for PBXNativeTarget "GlobalApp" */;
			buildPhases = (
				1A0E2CB721B26F0E00F94FC9 /* Sources */,
				1A0E2CB821B26F0E00F94FC9 /* Frameworks */,
				1A0E2CB921B26F0E00F94FC9 /* Resources */,
				1A0E2CF921B28F4000F94FC9 /* ShellScript */,
			);
			buildRules = (
			);
			dependencies = (
			);
			name = GlobalApp;
			productName = GlobalApp;
			productReference = 1A0E2CBB21B26F0E00F94FC9 /* GlobalApp.app */;
			productType = "com.apple.product-type.application";
		};
/* End PBXNativeTarget section */

/* Begin PBXProject section */
		1A0E2CB321B26F0E00F94FC9 /* Project object */ = {
			isa = PBXProject;
			attributes = {
				LastUpgradeCheck = 1010;
				ORGANIZATIONNAME = "赖霄冰";
				TargetAttributes = {
					1A0E2CBA21B26F0E00F94FC9 = {
						CreatedOnToolsVersion = 10.1;
					};
				};
			};
			buildConfigurationList = 1A0E2CB621B26F0E00F94FC9 /* Build configuration list for PBXProject "GlobalApp" */;
			compatibilityVersion = "Xcode 9.3";
			developmentRegion = en;
			hasScannedForEncodings = 0;
			knownRegions = (
				en,
				Base,
				"zh-Hans",
			);
			mainGroup = 1A0E2CB221B26F0E00F94FC9;
			productRefGroup = 1A0E2CBC21B26F0E00F94FC9 /* Products */;
			projectDirPath = "";
			projectRoot = "";
			targets = (
				1A0E2CBA21B26F0E00F94FC9 /* GlobalApp */,
			);
		};
/* End PBXProject section */

/* Begin PBXResourcesBuildPhase section */
		1A0E2CB921B26F0E00F94FC9 /* Resources */ = {
			isa = PBXResourcesBuildPhase;
			buildActionMask = 2147483647;
			files = (
				1A0E2CF221B2846F00F94FC9 /* LaunchScreen.storyboard in Resources */,
				1A0E2CF121B2846F00F94FC9 /* InfoPlist.strings in Resources */,
				1A0E2CF021B2846F00F94FC9 /* Localizable.strings in Resources */,
				1A0E2CC821B26F1000F94FC9 /* Assets.xcassets in Resources */,
			);
			runOnlyForDeploymentPostprocessing = 0;
		};
/* End PBXResourcesBuildPhase section */

/* Begin PBXShellScriptBuildPhase section */
		1A0E2CF921B28F4000F94FC9 /* ShellScript */ = {
			isa = PBXShellScriptBuildPhase;
			buildActionMask = 2147483647;
			files = (
			);
			inputFileListPaths = (
			);
			inputPaths = (
			);
			outputFileListPaths = (
			);
			outputPaths = (
			);
			runOnlyForDeploymentPostprocessing = 0;
			shellPath = /bin/sh;
			shellScript = "#!/bin/bash\npython ${SRCROOT}/${TARGET_NAME}/RunScript/localizations.py ${SRCROOT}/${TARGET_NAME}/Resources\n";
		};
/* End PBXShellScriptBuildPhase section */

/* Begin PBXSourcesBuildPhase section */
		1A0E2CB721B26F0E00F94FC9 /* Sources */ = {
			isa = PBXSourcesBuildPhase;
			buildActionMask = 2147483647;
			files = (
				1A0E2CC321B26F0E00F94FC9 /* ViewController.m in Sources */,
				1A0E2CCE21B26F1000F94FC9 /* main.m in Sources */,
				1A0E2CC021B26F0E00F94FC9 /* AppDelegate.m in Sources */,
			);
			runOnlyForDeploymentPostprocessing = 0;
		};
/* End PBXSourcesBuildPhase section */

/* Begin PBXVariantGroup section */
		1A0E2CE621B2846F00F94FC9 /* Localizable.strings */ = {
			isa = PBXVariantGroup;
			children = (
				1A0E2CE721B2846F00F94FC9 /* zh-Hans */,
				1A0E2CEB21B2846F00F94FC9 /* en */,
			);
			name = Localizable.strings;
			sourceTree = "<group>";
		};
		1A0E2CE821B2846F00F94FC9 /* InfoPlist.strings */ = {
			isa = PBXVariantGroup;
			children = (
				1A0E2CE921B2846F00F94FC9 /* zh-Hans */,
				1A0E2CEC21B2846F00F94FC9 /* en */,
			);
			name = InfoPlist.strings;
			sourceTree = "<group>";
		};
		1A0E2CED21B2846F00F94FC9 /* LaunchScreen.storyboard */ = {
			isa = PBXVariantGroup;
			children = (
				1A0E2CEE21B2846F00F94FC9 /* Base */,
				1A0E2CF621B286FE00F94FC9 /* en */,
				1A0E2CF821B2870200F94FC9 /* zh-Hans */,
			);
			name = LaunchScreen.storyboard;
			sourceTree = "<group>";
		};
/* End PBXVariantGroup section */

/* Begin XCBuildConfiguration section */
		1A0E2CCF21B26F1000F94FC9 /* Debug */ = {
			isa = XCBuildConfiguration;
			buildSettings = {
				ALWAYS_SEARCH_USER_PATHS = NO;
				CLANG_ANALYZER_LOCALIZABILITY_NONLOCALIZED = YES;
				CLANG_ANALYZER_NONNULL = YES;
				CLANG_ANALYZER_NUMBER_OBJECT_CONVERSION = YES_AGGRESSIVE;
				CLANG_CXX_LANGUAGE_STANDARD = "gnu++14";
				CLANG_CXX_LIBRARY = "libc++";
				CLANG_ENABLE_MODULES = YES;
				CLANG_ENABLE_OBJC_ARC = YES;
				CLANG_ENABLE_OBJC_WEAK = YES;
				CLANG_WARN_BLOCK_CAPTURE_AUTORELEASING = YES;
				CLANG_WARN_BOOL_CONVERSION = YES;
				CLANG_WARN_COMMA = YES;
				CLANG_WARN_CONSTANT_CONVERSION = YES;
				CLANG_WARN_DEPRECATED_OBJC_IMPLEMENTATIONS = YES;
				CLANG_WARN_DIRECT_OBJC_ISA_USAGE = YES_ERROR;
				CLANG_WARN_DOCUMENTATION_COMMENTS = YES;
				CLANG_WARN_EMPTY_BODY = YES;
				CLANG_WARN_ENUM_CONVERSION = YES;
				CLANG_WARN_INFINITE_RECURSION = YES;
				CLANG_WARN_INT_CONVERSION = YES;
				CLANG_WARN_NON_LITERAL_NULL_CONVERSION = YES;
				CLANG_WARN_OBJC_IMPLICIT_RETAIN_SELF = YES;
				CLANG_WARN_OBJC_LITERAL_CONVERSION = YES;
				CLANG_WARN_OBJC_ROOT_CLASS = YES_ERROR;
				CLANG_WARN_RANGE_LOOP_ANALYSIS = YES;
				CLANG_WARN_STRICT_PROTOTYPES = YES;
				CLANG_WARN_SUSPICIOUS_MOVE = YES;
				CLANG_WARN_UNGUARDED_AVAILABILITY = YES_AGGRESSIVE;
				CLANG_WARN_UNREACHABLE_CODE = YES;
				CLANG_WARN__DUPLICATE_METHOD_MATCH = YES;
				CODE_SIGN_IDENTITY = "iPhone Developer";
				COPY_PHASE_STRIP = NO;
				DEBUG_INFORMATION_FORMAT = dwarf;
				ENABLE_STRICT_OBJC_MSGSEND = YES;
				ENABLE_TESTABILITY = YES;
				GCC_C_LANGUAGE_STANDARD = gnu11;
				GCC_DYNAMIC_NO_PIC = NO;
				GCC_NO_COMMON_BLOCKS = YES;
				GCC_OPTIMIZATION_LEVEL = 0;
				GCC_PREPROCESSOR_DEFINITIONS = (
					"DEBUG=1",
					"$(inherited)",
				);
				GCC_WARN_64_TO_32_BIT_CONVERSION = YES;
				GCC_WARN_ABOUT_RETURN_TYPE = YES_ERROR;
				GCC_WARN_UNDECLARED_SELECTOR = YES;
				GCC_WARN_UNINITIALIZED_AUTOS = YES_AGGRESSIVE;
				GCC_WARN_UNUSED_FUNCTION = YES;
				GCC_WARN_UNUSED_VARIABLE = YES;
				IPHONEOS_DEPLOYMENT_TARGET = 12.1;
				MTL_ENABLE_DEBUG_INFO = INCLUDE_SOURCE;
				MTL_FAST_MATH = YES;
				ONLY_ACTIVE_ARCH = YES;
				SDKROOT = iphoneos;
			};
			name = Debug;
		};
		1A0E2CD021B26F1000F94FC9 /* Release */ = {
			isa = XCBuildConfiguration;
			buildSettings = {
				ALWAYS_SEARCH_USER_PATHS = NO;
				CLANG_ANALYZER_LOCALIZABILITY_NONLOCALIZED = YES;
				CLANG_ANALYZER_NONNULL = YES;
				CLANG_ANALYZER_NUMBER_OBJECT_CONVERSION = YES_AGGRESSIVE;
				CLANG_CXX_LANGUAGE_STANDARD = "gnu++14";
				CLANG_CXX_LIBRARY = "libc++";
				CLANG_ENABLE_MODULES = YES;
				CLANG_ENABLE_OBJC_ARC = YES;
				CLANG_ENABLE_OBJC_WEAK = YES;
				CLANG_WARN_BLOCK_CAPTURE_AUTORELEASING = YES;
				CLANG_WARN_BOOL_CONVERSION = YES;
				CLANG_WARN_COMMA = YES;
				CLANG_WARN_CONSTANT_CONVERSION = YES;
				CLANG_WARN_DEPRECATED_OBJC_IMPLEMENTATIONS = YES;
				CLANG_WARN_DIRECT_OBJC_ISA_USAGE = YES_ERROR;
				CLANG_WARN_DOCUMENTATION_COMMENTS = YES;
				CLANG_WARN_EMPTY_BODY = YES;
				CLANG_WARN_ENUM_CONVERSION = YES;
				CLANG_WARN_INFINITE_RECURSION = YES;
				CLANG_WARN_INT_CONVERSION = YES;
				CLANG_WARN_NON_LITERAL_NULL_CONVERSION = YES;
				CLANG_WARN_OBJC_IMPLICIT_RETAIN_SELF = YES;
				CLANG_WARN_OBJC_LITERAL_CONVERSION = YES;
				CLANG_WARN_OBJC_ROOT_CLASS = YES_ERROR;
				CLANG_WARN_RANGE_LOOP_ANALYSIS = YES;
				CLANG_WARN_STRICT_PROTOTYPES = YES;
				CLANG_WARN_SUSPICIOUS_MOVE = YES;
				CLANG_WARN_UNGUARDED_AVAILABILITY = YES_AGGRESSIVE;
				CLANG_WARN_UNREACHABLE_CODE = YES;
				CLANG_WARN__DUPLICATE_METHOD_MATCH = YES;
				CODE_SIGN_IDENTITY = "iPhone Developer";
				COPY_PHASE_STRIP = NO;
				DEBUG_INFORMATION_FORMAT = "dwarf-with-dsym";
				ENABLE_NS_ASSERTIONS = NO;
				ENABLE_STRICT_OBJC_MSGSEND = YES;
				GCC_C_LANGUAGE_STANDARD = gnu11;
				GCC_NO_COMMON_BLOCKS = YES;
				GCC_WARN_64_TO_32_BIT_CONVERSION = YES;
				GCC_WARN_ABOUT_RETURN_TYPE = YES_ERROR;
				GCC_WARN_UNDECLARED_SELECTOR = YES;
				GCC_WARN_UNINITIALIZED_AUTOS = YES_AGGRESSIVE;
				GCC_WARN_UNUSED_FUNCTION = YES;
				GCC_WARN_UNUSED_VARIABLE = YES;
				IPHONEOS_DEPLOYMENT_TARGET = 12.1;
				MTL_ENABLE_DEBUG_INFO = NO;
				MTL_FAST_MATH = YES;
				SDKROOT = iphoneos;
				VALIDATE_PRODUCT = YES;
			};
			name = Release;
		};
		1A0E2CD221B26F1000F94FC9 /* Debug */ = {
			isa = XCBuildConfiguration;
			buildSettings = {
				ASSETCATALOG_COMPILER_APPICON_NAME = AppIcon;
				CODE_SIGN_STYLE = Automatic;
				DEVELOPMENT_TEAM = R7R6P29UFW;
				INFOPLIST_FILE = GlobalApp/Info.plist;
				IPHONEOS_DEPLOYMENT_TARGET = 8.0;
				LD_RUNPATH_SEARCH_PATHS = (
					"$(inherited)",
					"@executable_path/Frameworks",
				);
				PRODUCT_BUNDLE_IDENTIFIER = com.GlobalApp;
				PRODUCT_NAME = "$(TARGET_NAME)";
				TARGETED_DEVICE_FAMILY = 1;
			};
			name = Debug;
		};
		1A0E2CD321B26F1000F94FC9 /* Release */ = {
			isa = XCBuildConfiguration;
			buildSettings = {
				ASSETCATALOG_COMPILER_APPICON_NAME = AppIcon;
				CODE_SIGN_STYLE = Automatic;
				DEVELOPMENT_TEAM = R7R6P29UFW;
				INFOPLIST_FILE = GlobalApp/Info.plist;
				IPHONEOS_DEPLOYMENT_TARGET = 8.0;
				LD_RUNPATH_SEARCH_PATHS = (
					"$(inherited)",
					"@executable_path/Frameworks",
				);
				PRODUCT_BUNDLE_IDENTIFIER = com.GlobalApp;
				PRODUCT_NAME = "$(TARGET_NAME)";
				TARGETED_DEVICE_FAMILY = 1;
			};
			name = Release;
		};
/* End XCBuildConfiguration section */

/* Begin XCConfigurationList section */
		1A0E2CB621B26F0E00F94FC9 /* Build configuration list for PBXProject "GlobalApp" */ = {
			isa = XCConfigurationList;
			buildConfigurations = (
				1A0E2CCF21B26F1000F94FC9 /* Debug */,
				1A0E2CD021B26F1000F94FC9 /* Release */,
			);
			defaultConfigurationIsVisible = 0;
			defaultConfigurationName = Release;
		};
		1A0E2CD121B26F1000F94FC9 /* Build configuration list for PBXNativeTarget "GlobalApp" */ = {
			isa = XCConfigurationList;
			buildConfigurations = (
				1A0E2CD221B26F1000F94FC9 /* Debug */,
				1A0E2CD321B26F1000F94FC9 /* Release */,
			);
			defaultConfigurationIsVisible = 0;
			defaultConfigurationName = Release;
		};
/* End XCConfigurationList section */
	};
	rootObject = 1A0E2CB321B26F0E00F94FC9 /* Project object */;
}
